{
  "name": "bibleapi-graphql",
  "version": "0.0.2",
  "lockfileVersion": 1,
  "requires": true,
  "dependencies": {
    "babel-cli": {
      "version": "6.24.1",
      "resolved": "https://registry.npmjs.org/babel-cli/-/babel-cli-6.24.1.tgz",
      "integrity": "sha1-IHzXBbumFImy6kG1MSNBz2rKIoM=",
      "dev": true
    },
    "babel-preset-es2015": {
      "version": "6.24.1",
      "resolved": "https://registry.npmjs.org/babel-preset-es2015/-/babel-preset-es2015-6.24.1.tgz",
      "integrity": "sha1-1EBQ1rwsn+6nAqrzjXJ6AhBTiTk=",
      "dev": true
    },
    "bible-passage-reference-parser": {
      "version": "2.0.1",
      "resolved": "https://registry.npmjs.org/bible-passage-reference-parser/-/bible-passage-reference-parser-2.0.1.tgz",
      "integrity": "sha1-HyM5ZFqIxKUr6kWuNrR0W+U5CFs="
    },
    "cors": {
      "version": "2.8.5",
      "resolved": "https://registry.npmjs.org/cors/-/cors-2.8.5.tgz",
      "integrity": "sha512-KIHbLJqu73RGr/hnbrO9uBeixNGuvSQjul/jdFvS/KFSIH1hWVd1ng7zOHx+YrEfInLG7q4n6GHQ9cDtxv/P6g==",
      "requires": {
        "object-assign": "^4",
        "vary": "^1"
      }
    },
    "dotenv": {
      "version": "4.0.0",
      "resolved": "https://registry.npmjs.org/dotenv/-/dotenv-4.0.0.tgz",
      "integrity": "sha1-hk7xN5rO1Vzm+V3r7NzhefegzR0="
    },
    "express": {
      "version": "4.15.3",
      "resolved": "https://registry.npmjs.org/express/-/express-4.15.3.tgz",
      "integrity": "sha1-urZdDwOqgMNYQIly/HAPkWlEtmI="
    },
    "express-graphql": {
      "version": "0.5.4",
      "resolved": "https://registry.npmjs.org/express-graphql/-/express-graphql-0.5.4.tgz",
      "integrity": "sha1-QTR34+/abXQ354j372yZSRTnn4g="
    },
    "graphql": {
      "version": "0.6.2",
      "resolved": "https://registry.npmjs.org/graphql/-/graphql-0.6.2.tgz",
      "integrity": "sha1-Gc3LF+WGLWQ5agaE+S975k6Q568="
    },
    "lodash": {
      "version": "4.17.21",
      "resolved": "https://registry.npmjs.org/lodash/-/lodash-4.17.21.tgz",
      "integrity": "sha512-v2kDEe57lecTulaDIuNTPy3Ry4gLGJ6Z1O3vE1krgXZNrsQ+LFTGHVxVjcXPs17LhbZVGedAJv8XZ1tvj5FvSg=="
    },
    "mongodb": {
      "version": "2.2.30",
      "resolved": "https://registry.npmjs.org/mongodb/-/mongodb-2.2.30.tgz",
      "integrity": "sha1-jM2AH2dsgXIEDC8rR+lgKg1WNKs="
    },
    "nodemon": {
      "version": "1.11.0",
      "resolved": "https://registry.npmjs.org/nodemon/-/nodemon-1.11.0.tgz",
      "integrity": "sha1-ImxWK9KnsT09dRi0mtSCijYj0Gw=",
      "dev": true
    },
    "object-assign": {
      "version": "4.1.1",
      "resolved": "https://registry.npmjs.org/object-assign/-/object-assign-4.1.1.tgz",
      "integrity": "sha1-IQmtx5ZYh8/AXLvUQsrIv7s2CGM="
    },
    "vary": {
      "version": "1.1.1",
      "resolved": "https://registry.npmjs.org/vary/-/vary-1.1.1.tgz",
      "integrity": "sha1-Z1Neu2lMHVIldFeYRmUyP1h+jTc="
    }
  }
}
